// !$*UTF8*$!
{
	archiveVersion = 1;
	classes = {
	};
	objectVersion = 52;
	objects = {

/* Begin PBXBuildFile section */
		1402131125DFC24500803C47 /* AppDelegate.swift in Sources */ = {isa = PBXBuildFile; fileRef = 1402131025DFC24500803C47 /* AppDelegate.swift */; };
		1402131525DFC24500803C47 /* FirstScreenViewController.swift in Sources */ = {isa = PBXBuildFile; fileRef = 1402131425DFC24500803C47 /* FirstScreenViewController.swift */; };
		1402131A25DFC24800803C47 /* Assets.xcassets in Resources */ = {isa = PBXBuildFile; fileRef = 1402131925DFC24800803C47 /* Assets.xcassets */; };
		1402131D25DFC24800803C47 /* LaunchScreen.storyboard in Resources */ = {isa = PBXBuildFile; fileRef = 1402131B25DFC24800803C47 /* LaunchScreen.storyboard */; };
		141024F025E9003500CA951A /* FirstScreenView.swift in Sources */ = {isa = PBXBuildFile; fileRef = 141024EF25E9003500CA951A /* FirstScreenView.swift */; };
		141024FE25E9136600CA951A /* Localizable.strings in Resources */ = {isa = PBXBuildFile; fileRef = 1410250025E9136600CA951A /* Localizable.strings */; };
		1410250325E91B0600CA951A /* ofont.ru_VAG World.ttf in Resources */ = {isa = PBXBuildFile; fileRef = 141024F425E9056100CA951A /* ofont.ru_VAG World.ttf */; };
		1410250525E91B0A00CA951A /* Varela-Regular.ttf in Resources */ = {isa = PBXBuildFile; fileRef = 141024F525E9056100CA951A /* Varela-Regular.ttf */; };
		1415D45825EA1B8C00F2F6FA /* UIView+Ex.swift in Sources */ = {isa = PBXBuildFile; fileRef = 1415D45725EA1B8C00F2F6FA /* UIView+Ex.swift */; };
		1426818425ECBF42007C8413 /* UIViewStack+Ex.swift in Sources */ = {isa = PBXBuildFile; fileRef = 1426818325ECBF42007C8413 /* UIViewStack+Ex.swift */; };
		1426818825ECC816007C8413 /* CalculatorViewController.swift in Sources */ = {isa = PBXBuildFile; fileRef = 1426818725ECC816007C8413 /* CalculatorViewController.swift */; };
		1426818B25ECC82B007C8413 /* CalculatorView.swift in Sources */ = {isa = PBXBuildFile; fileRef = 1426818A25ECC82B007C8413 /* CalculatorView.swift */; };
		142681A425ED1F3C007C8413 /* ExchangeRates.swift in Sources */ = {isa = PBXBuildFile; fileRef = 142681A325ED1F3C007C8413 /* ExchangeRates.swift */; };
		142681AF25ED29A0007C8413 /* HomeChooseColorViewController.swift in Sources */ = {isa = PBXBuildFile; fileRef = 142681AE25ED29A0007C8413 /* HomeChooseColorViewController.swift */; };
		142681B225ED29B5007C8413 /* HomeChooseIconViewController.swift in Sources */ = {isa = PBXBuildFile; fileRef = 142681B125ED29B5007C8413 /* HomeChooseIconViewController.swift */; };
		142681B525ED29C8007C8413 /* HomeChooseNameViewController.swift in Sources */ = {isa = PBXBuildFile; fileRef = 142681B425ED29C8007C8413 /* HomeChooseNameViewController.swift */; };
		142681C525ED3D93007C8413 /* ChooseColorCollectionViewCell.xib in Resources */ = {isa = PBXBuildFile; fileRef = 142681C425ED3D93007C8413 /* ChooseColorCollectionViewCell.xib */; };
		142681C825ED3DD1007C8413 /* ChooseColorCollectionViewCell.swift in Sources */ = {isa = PBXBuildFile; fileRef = 142681C725ED3DD1007C8413 /* ChooseColorCollectionViewCell.swift */; };
		142681CE25ED3F1E007C8413 /* HomeDetailViewController.swift in Sources */ = {isa = PBXBuildFile; fileRef = 142681CD25ED3F1E007C8413 /* HomeDetailViewController.swift */; };
		142681D125ED3F70007C8413 /* HomeChooseAccountViewController.swift in Sources */ = {isa = PBXBuildFile; fileRef = 142681D025ED3F70007C8413 /* HomeChooseAccountViewController.swift */; };
		1458CCDF25DFC2AD0091C711 /* SnapKit in Frameworks */ = {isa = PBXBuildFile; productRef = 1458CCDE25DFC2AD0091C711 /* SnapKit */; };
		146BFCA025EEA9E5003D769B /* OperationTableViewCell.xib in Resources */ = {isa = PBXBuildFile; fileRef = 146BFC9F25EEA9E5003D769B /* OperationTableViewCell.xib */; };
		146BFCA325EEAA03003D769B /* OperationTableViewCell.swift in Sources */ = {isa = PBXBuildFile; fileRef = 146BFCA225EEAA03003D769B /* OperationTableViewCell.swift */; };
		1479C3CF25EF619400033EE0 /* MyDataSavings.swift in Sources */ = {isa = PBXBuildFile; fileRef = 1479C3CE25EF619400033EE0 /* MyDataSavings.swift */; };
		1479C3D525EF6CDC00033EE0 /* SHCircleBar.swift in Sources */ = {isa = PBXBuildFile; fileRef = 1479C3D425EF6CDC00033EE0 /* SHCircleBar.swift */; };
		1479C3D925EF6D0400033EE0 /* SHCircleBarController.swift in Sources */ = {isa = PBXBuildFile; fileRef = 1479C3D825EF6D0400033EE0 /* SHCircleBarController.swift */; };
		1496121125EA89CA00A59E20 /* TabBar.swift in Sources */ = {isa = PBXBuildFile; fileRef = 1496121025EA89CA00A59E20 /* TabBar.swift */; };
		14D5FE4125EE0327000F0484 /* HomeChooseNameView.swift in Sources */ = {isa = PBXBuildFile; fileRef = 14D5FE4025EE0327000F0484 /* HomeChooseNameView.swift */; };
		14D5FE4625EE0B03000F0484 /* HomeDetailView.swift in Sources */ = {isa = PBXBuildFile; fileRef = 14D5FE4525EE0B03000F0484 /* HomeDetailView.swift */; };
		14E2E94125EA2CD200CDF2EF /* SignUpViewController.swift in Sources */ = {isa = PBXBuildFile; fileRef = 14E2E94025EA2CD200CDF2EF /* SignUpViewController.swift */; };
		14E2E94425EA2CF000CDF2EF /* SignUpView.swift in Sources */ = {isa = PBXBuildFile; fileRef = 14E2E94325EA2CF000CDF2EF /* SignUpView.swift */; };
		14E2E94825EA2D4A00CDF2EF /* LogInView.swift in Sources */ = {isa = PBXBuildFile; fileRef = 14E2E94725EA2D4A00CDF2EF /* LogInView.swift */; };
		14E2E94B25EA2D6F00CDF2EF /* LogInViewController.swift in Sources */ = {isa = PBXBuildFile; fileRef = 14E2E94A25EA2D6F00CDF2EF /* LogInViewController.swift */; };
		14E2E95125EA395E00CDF2EF /* TextFieldWithLine.xib in Resources */ = {isa = PBXBuildFile; fileRef = 14E2E95025EA395E00CDF2EF /* TextFieldWithLine.xib */; };
		14E2E95425EA396B00CDF2EF /* TextFieldWithLine.swift in Sources */ = {isa = PBXBuildFile; fileRef = 14E2E95325EA396B00CDF2EF /* TextFieldWithLine.swift */; };
		14E2E95D25EA7DD600CDF2EF /* AlertSingleton.swift in Sources */ = {isa = PBXBuildFile; fileRef = 14E2E95C25EA7DD600CDF2EF /* AlertSingleton.swift */; };
		14E2E96225EA7E7600CDF2EF /* ErrorHandler.swift in Sources */ = {isa = PBXBuildFile; fileRef = 14E2E96125EA7E7600CDF2EF /* ErrorHandler.swift */; };
		14E2E96625EA7FE400CDF2EF /* UIViewController+Ex.swift in Sources */ = {isa = PBXBuildFile; fileRef = 14E2E96525EA7FE400CDF2EF /* UIViewController+Ex.swift */; };
		14E2E96A25EA82B800CDF2EF /* GoogleService-Info.plist in Resources */ = {isa = PBXBuildFile; fileRef = 14E2E96925EA82B800CDF2EF /* GoogleService-Info.plist */; };
		14E4009325EB6D7400C6A628 /* AccountsViewController.swift in Sources */ = {isa = PBXBuildFile; fileRef = 14E4009225EB6D7400C6A628 /* AccountsViewController.swift */; };
		14E4009625EB6D8100C6A628 /* HomeViewController.swift in Sources */ = {isa = PBXBuildFile; fileRef = 14E4009525EB6D8100C6A628 /* HomeViewController.swift */; };
		14E4009925EB6D9200C6A628 /* OperationsViewController.swift in Sources */ = {isa = PBXBuildFile; fileRef = 14E4009825EB6D9200C6A628 /* OperationsViewController.swift */; };
		14E400A525EB8B3700C6A628 /* AccountTableViewCell.xib in Resources */ = {isa = PBXBuildFile; fileRef = 14E400A425EB8B3700C6A628 /* AccountTableViewCell.xib */; };
		14E400A825EB8B6F00C6A628 /* AccountTableViewCell.swift in Sources */ = {isa = PBXBuildFile; fileRef = 14E400A725EB8B6F00C6A628 /* AccountTableViewCell.swift */; };
		14E400AB25EB8D7500C6A628 /* DataModel.swift in Sources */ = {isa = PBXBuildFile; fileRef = 14E400AA25EB8D7500C6A628 /* DataModel.swift */; };
		14E400AE25EB8F3400C6A628 /* CustomAddTableViewCell.xib in Resources */ = {isa = PBXBuildFile; fileRef = 14E400AD25EB8F3400C6A628 /* CustomAddTableViewCell.xib */; };
		14E400B125EB8F4900C6A628 /* CustomAddTableViewCell.swift in Sources */ = {isa = PBXBuildFile; fileRef = 14E400B025EB8F4900C6A628 /* CustomAddTableViewCell.swift */; };
		14E400B925EB94B800C6A628 /* ChooseIconViewController.swift in Sources */ = {isa = PBXBuildFile; fileRef = 14E400B825EB94B800C6A628 /* ChooseIconViewController.swift */; };
		14E400BD25EB952400C6A628 /* ChooseIconCollectionViewCell.xib in Resources */ = {isa = PBXBuildFile; fileRef = 14E400BC25EB952400C6A628 /* ChooseIconCollectionViewCell.xib */; };
		14E400C025EB955200C6A628 /* ChooseIconCollectionViewCell.swift in Sources */ = {isa = PBXBuildFile; fileRef = 14E400BF25EB955200C6A628 /* ChooseIconCollectionViewCell.swift */; };
		14E400C525EB972D00C6A628 /* ChooseIconView.swift in Sources */ = {isa = PBXBuildFile; fileRef = 14E400C425EB972D00C6A628 /* ChooseIconView.swift */; };
		14E400CD25EBB63400C6A628 /* ChooseNameViewController.swift in Sources */ = {isa = PBXBuildFile; fileRef = 14E400CC25EBB63400C6A628 /* ChooseNameViewController.swift */; };
		14E400D025EBB65400C6A628 /* ChooseNameView.swift in Sources */ = {isa = PBXBuildFile; fileRef = 14E400CF25EBB65400C6A628 /* ChooseNameView.swift */; };
		14E400E325EBD4A400C6A628 /* Double+Ex.swift in Sources */ = {isa = PBXBuildFile; fileRef = 14E400E225EBD4A400C6A628 /* Double+Ex.swift */; };
		14E400E625EBD51C00C6A628 /* Notification+Ex.swift in Sources */ = {isa = PBXBuildFile; fileRef = 14E400E525EBD51C00C6A628 /* Notification+Ex.swift */; };
		14E400E925EBD9CA00C6A628 /* DetailLookAtCellViewController.swift in Sources */ = {isa = PBXBuildFile; fileRef = 14E400E825EBD9CA00C6A628 /* DetailLookAtCellViewController.swift */; };
		14E400EC25EBD9F200C6A628 /* DetailLookAtCellView.swift in Sources */ = {isa = PBXBuildFile; fileRef = 14E400EB25EBD9F200C6A628 /* DetailLookAtCellView.swift */; };
		27EDDD43402761F385F46255 /* Pods_CircleOfMoneyProgrammaticaly.framework in Frameworks */ = {isa = PBXBuildFile; fileRef = 806281CC4F814FF9E478F3F9 /* Pods_CircleOfMoneyProgrammaticaly.framework */; };
/* End PBXBuildFile section */

/* Begin PBXFileReference section */
		1402130D25DFC24500803C47 /* CircleOfMoneyProgrammaticaly.app */ = {isa = PBXFileReference; explicitFileType = wrapper.application; includeInIndex = 0; path = CircleOfMoneyProgrammaticaly.app; sourceTree = BUILT_PRODUCTS_DIR; };
		1402131025DFC24500803C47 /* AppDelegate.swift */ = {isa = PBXFileReference; lastKnownFileType = sourcecode.swift; path = AppDelegate.swift; sourceTree = "<group>"; };
		1402131425DFC24500803C47 /* FirstScreenViewController.swift */ = {isa = PBXFileReference; lastKnownFileType = sourcecode.swift; path = FirstScreenViewController.swift; sourceTree = "<group>"; };
		1402131925DFC24800803C47 /* Assets.xcassets */ = {isa = PBXFileReference; lastKnownFileType = folder.assetcatalog; path = Assets.xcassets; sourceTree = "<group>"; };
		1402131C25DFC24800803C47 /* Base */ = {isa = PBXFileReference; lastKnownFileType = file.storyboard; name = Base; path = Base.lproj/LaunchScreen.storyboard; sourceTree = "<group>"; };
		1402131E25DFC24800803C47 /* Info.plist */ = {isa = PBXFileReference; lastKnownFileType = text.plist.xml; path = Info.plist; sourceTree = "<group>"; };
		141024EF25E9003500CA951A /* FirstScreenView.swift */ = {isa = PBXFileReference; lastKnownFileType = sourcecode.swift; path = FirstScreenView.swift; sourceTree = "<group>"; };
		141024F425E9056100CA951A /* ofont.ru_VAG World.ttf */ = {isa = PBXFileReference; lastKnownFileType = file; path = "ofont.ru_VAG World.ttf"; sourceTree = "<group>"; };
		141024F525E9056100CA951A /* Varela-Regular.ttf */ = {isa = PBXFileReference; lastKnownFileType = file; path = "Varela-Regular.ttf"; sourceTree = "<group>"; };
		141024F725E912FE00CA951A /* pl */ = {isa = PBXFileReference; lastKnownFileType = text.plist.strings; name = pl; path = pl.lproj/LaunchScreen.strings; sourceTree = "<group>"; };
		141024FF25E9136600CA951A /* en */ = {isa = PBXFileReference; lastKnownFileType = text.plist.strings; name = en; path = en.lproj/Localizable.strings; sourceTree = "<group>"; };
		1410250225E9136B00CA951A /* pl */ = {isa = PBXFileReference; lastKnownFileType = text.plist.strings; name = pl; path = pl.lproj/Localizable.strings; sourceTree = "<group>"; };
		1415D45725EA1B8C00F2F6FA /* UIView+Ex.swift */ = {isa = PBXFileReference; lastKnownFileType = sourcecode.swift; path = "UIView+Ex.swift"; sourceTree = "<group>"; };
		1426818325ECBF42007C8413 /* UIViewStack+Ex.swift */ = {isa = PBXFileReference; lastKnownFileType = sourcecode.swift; path = "UIViewStack+Ex.swift"; sourceTree = "<group>"; };
		1426818725ECC816007C8413 /* CalculatorViewController.swift */ = {isa = PBXFileReference; lastKnownFileType = sourcecode.swift; path = CalculatorViewController.swift; sourceTree = "<group>"; };
		1426818A25ECC82B007C8413 /* CalculatorView.swift */ = {isa = PBXFileReference; lastKnownFileType = sourcecode.swift; path = CalculatorView.swift; sourceTree = "<group>"; };
		142681A325ED1F3C007C8413 /* ExchangeRates.swift */ = {isa = PBXFileReference; lastKnownFileType = sourcecode.swift; path = ExchangeRates.swift; sourceTree = "<group>"; };
		142681AE25ED29A0007C8413 /* HomeChooseColorViewController.swift */ = {isa = PBXFileReference; lastKnownFileType = sourcecode.swift; path = HomeChooseColorViewController.swift; sourceTree = "<group>"; };
		142681B125ED29B5007C8413 /* HomeChooseIconViewController.swift */ = {isa = PBXFileReference; lastKnownFileType = sourcecode.swift; path = HomeChooseIconViewController.swift; sourceTree = "<group>"; };
		142681B425ED29C8007C8413 /* HomeChooseNameViewController.swift */ = {isa = PBXFileReference; lastKnownFileType = sourcecode.swift; path = HomeChooseNameViewController.swift; sourceTree = "<group>"; };
		142681C425ED3D93007C8413 /* ChooseColorCollectionViewCell.xib */ = {isa = PBXFileReference; lastKnownFileType = file.xib; path = ChooseColorCollectionViewCell.xib; sourceTree = "<group>"; };
		142681C725ED3DD1007C8413 /* ChooseColorCollectionViewCell.swift */ = {isa = PBXFileReference; lastKnownFileType = sourcecode.swift; path = ChooseColorCollectionViewCell.swift; sourceTree = "<group>"; };
		142681CD25ED3F1E007C8413 /* HomeDetailViewController.swift */ = {isa = PBXFileReference; lastKnownFileType = sourcecode.swift; path = HomeDetailViewController.swift; sourceTree = "<group>"; };
		142681D025ED3F70007C8413 /* HomeChooseAccountViewController.swift */ = {isa = PBXFileReference; lastKnownFileType = sourcecode.swift; path = HomeChooseAccountViewController.swift; sourceTree = "<group>"; };
		146BFC9F25EEA9E5003D769B /* OperationTableViewCell.xib */ = {isa = PBXFileReference; lastKnownFileType = file.xib; path = OperationTableViewCell.xib; sourceTree = "<group>"; };
		146BFCA225EEAA03003D769B /* OperationTableViewCell.swift */ = {isa = PBXFileReference; lastKnownFileType = sourcecode.swift; path = OperationTableViewCell.swift; sourceTree = "<group>"; };
		1479C3CE25EF619400033EE0 /* MyDataSavings.swift */ = {isa = PBXFileReference; lastKnownFileType = sourcecode.swift; path = MyDataSavings.swift; sourceTree = "<group>"; };
		1479C3D425EF6CDC00033EE0 /* SHCircleBar.swift */ = {isa = PBXFileReference; lastKnownFileType = sourcecode.swift; path = SHCircleBar.swift; sourceTree = "<group>"; };
		1479C3D825EF6D0400033EE0 /* SHCircleBarController.swift */ = {isa = PBXFileReference; lastKnownFileType = sourcecode.swift; path = SHCircleBarController.swift; sourceTree = "<group>"; };
		1496121025EA89CA00A59E20 /* TabBar.swift */ = {isa = PBXFileReference; lastKnownFileType = sourcecode.swift; path = TabBar.swift; sourceTree = "<group>"; };
		14D5FE4025EE0327000F0484 /* HomeChooseNameView.swift */ = {isa = PBXFileReference; lastKnownFileType = sourcecode.swift; path = HomeChooseNameView.swift; sourceTree = "<group>"; };
		14D5FE4525EE0B03000F0484 /* HomeDetailView.swift */ = {isa = PBXFileReference; lastKnownFileType = sourcecode.swift; path = HomeDetailView.swift; sourceTree = "<group>"; };
		14E2E94025EA2CD200CDF2EF /* SignUpViewController.swift */ = {isa = PBXFileReference; lastKnownFileType = sourcecode.swift; path = SignUpViewController.swift; sourceTree = "<group>"; };
		14E2E94325EA2CF000CDF2EF /* SignUpView.swift */ = {isa = PBXFileReference; lastKnownFileType = sourcecode.swift; path = SignUpView.swift; sourceTree = "<group>"; };
		14E2E94725EA2D4A00CDF2EF /* LogInView.swift */ = {isa = PBXFileReference; lastKnownFileType = sourcecode.swift; path = LogInView.swift; sourceTree = "<group>"; };
		14E2E94A25EA2D6F00CDF2EF /* LogInViewController.swift */ = {isa = PBXFileReference; lastKnownFileType = sourcecode.swift; path = LogInViewController.swift; sourceTree = "<group>"; };
		14E2E95025EA395E00CDF2EF /* TextFieldWithLine.xib */ = {isa = PBXFileReference; lastKnownFileType = file.xib; path = TextFieldWithLine.xib; sourceTree = "<group>"; };
		14E2E95325EA396B00CDF2EF /* TextFieldWithLine.swift */ = {isa = PBXFileReference; lastKnownFileType = sourcecode.swift; path = TextFieldWithLine.swift; sourceTree = "<group>"; };
		14E2E95C25EA7DD600CDF2EF /* AlertSingleton.swift */ = {isa = PBXFileReference; lastKnownFileType = sourcecode.swift; path = AlertSingleton.swift; sourceTree = "<group>"; };
		14E2E96125EA7E7600CDF2EF /* ErrorHandler.swift */ = {isa = PBXFileReference; lastKnownFileType = sourcecode.swift; path = ErrorHandler.swift; sourceTree = "<group>"; };
		14E2E96525EA7FE400CDF2EF /* UIViewController+Ex.swift */ = {isa = PBXFileReference; lastKnownFileType = sourcecode.swift; path = "UIViewController+Ex.swift"; sourceTree = "<group>"; };
		14E2E96925EA82B800CDF2EF /* GoogleService-Info.plist */ = {isa = PBXFileReference; fileEncoding = 4; lastKnownFileType = text.plist.xml; path = "GoogleService-Info.plist"; sourceTree = "<group>"; };
		14E4009225EB6D7400C6A628 /* AccountsViewController.swift */ = {isa = PBXFileReference; lastKnownFileType = sourcecode.swift; path = AccountsViewController.swift; sourceTree = "<group>"; };
		14E4009525EB6D8100C6A628 /* HomeViewController.swift */ = {isa = PBXFileReference; lastKnownFileType = sourcecode.swift; path = HomeViewController.swift; sourceTree = "<group>"; };
		14E4009825EB6D9200C6A628 /* OperationsViewController.swift */ = {isa = PBXFileReference; lastKnownFileType = sourcecode.swift; path = OperationsViewController.swift; sourceTree = "<group>"; };
		14E400A425EB8B3700C6A628 /* AccountTableViewCell.xib */ = {isa = PBXFileReference; lastKnownFileType = file.xib; path = AccountTableViewCell.xib; sourceTree = "<group>"; };
		14E400A725EB8B6F00C6A628 /* AccountTableViewCell.swift */ = {isa = PBXFileReference; lastKnownFileType = sourcecode.swift; path = AccountTableViewCell.swift; sourceTree = "<group>"; };
		14E400AA25EB8D7500C6A628 /* DataModel.swift */ = {isa = PBXFileReference; lastKnownFileType = sourcecode.swift; path = DataModel.swift; sourceTree = "<group>"; };
		14E400AD25EB8F3400C6A628 /* CustomAddTableViewCell.xib */ = {isa = PBXFileReference; lastKnownFileType = file.xib; path = CustomAddTableViewCell.xib; sourceTree = "<group>"; };
		14E400B025EB8F4900C6A628 /* CustomAddTableViewCell.swift */ = {isa = PBXFileReference; lastKnownFileType = sourcecode.swift; path = CustomAddTableViewCell.swift; sourceTree = "<group>"; };
		14E400B825EB94B800C6A628 /* ChooseIconViewController.swift */ = {isa = PBXFileReference; lastKnownFileType = sourcecode.swift; path = ChooseIconViewController.swift; sourceTree = "<group>"; };
		14E400BC25EB952400C6A628 /* ChooseIconCollectionViewCell.xib */ = {isa = PBXFileReference; lastKnownFileType = file.xib; path = ChooseIconCollectionViewCell.xib; sourceTree = "<group>"; };
		14E400BF25EB955200C6A628 /* ChooseIconCollectionViewCell.swift */ = {isa = PBXFileReference; lastKnownFileType = sourcecode.swift; path = ChooseIconCollectionViewCell.swift; sourceTree = "<group>"; };
		14E400C425EB972D00C6A628 /* ChooseIconView.swift */ = {isa = PBXFileReference; lastKnownFileType = sourcecode.swift; path = ChooseIconView.swift; sourceTree = "<group>"; };
		14E400CC25EBB63400C6A628 /* ChooseNameViewController.swift */ = {isa = PBXFileReference; lastKnownFileType = sourcecode.swift; path = ChooseNameViewController.swift; sourceTree = "<group>"; };
		14E400CF25EBB65400C6A628 /* ChooseNameView.swift */ = {isa = PBXFileReference; lastKnownFileType = sourcecode.swift; path = ChooseNameView.swift; sourceTree = "<group>"; };
		14E400E225EBD4A400C6A628 /* Double+Ex.swift */ = {isa = PBXFileReference; lastKnownFileType = sourcecode.swift; path = "Double+Ex.swift"; sourceTree = "<group>"; };
		14E400E525EBD51C00C6A628 /* Notification+Ex.swift */ = {isa = PBXFileReference; lastKnownFileType = sourcecode.swift; path = "Notification+Ex.swift"; sourceTree = "<group>"; };
		14E400E825EBD9CA00C6A628 /* DetailLookAtCellViewController.swift */ = {isa = PBXFileReference; lastKnownFileType = sourcecode.swift; path = DetailLookAtCellViewController.swift; sourceTree = "<group>"; };
		14E400EB25EBD9F200C6A628 /* DetailLookAtCellView.swift */ = {isa = PBXFileReference; lastKnownFileType = sourcecode.swift; path = DetailLookAtCellView.swift; sourceTree = "<group>"; };
		323B9C57059C13D9584D36FB /* Pods-CircleOfMoneyProgrammaticaly.release.xcconfig */ = {isa = PBXFileReference; includeInIndex = 1; lastKnownFileType = text.xcconfig; name = "Pods-CircleOfMoneyProgrammaticaly.release.xcconfig"; path = "Target Support Files/Pods-CircleOfMoneyProgrammaticaly/Pods-CircleOfMoneyProgrammaticaly.release.xcconfig"; sourceTree = "<group>"; };
		694354AD57D3723928F41522 /* Pods-CircleOfMoneyProgrammaticaly.debug.xcconfig */ = {isa = PBXFileReference; includeInIndex = 1; lastKnownFileType = text.xcconfig; name = "Pods-CircleOfMoneyProgrammaticaly.debug.xcconfig"; path = "Target Support Files/Pods-CircleOfMoneyProgrammaticaly/Pods-CircleOfMoneyProgrammaticaly.debug.xcconfig"; sourceTree = "<group>"; };
		806281CC4F814FF9E478F3F9 /* Pods_CircleOfMoneyProgrammaticaly.framework */ = {isa = PBXFileReference; explicitFileType = wrapper.framework; includeInIndex = 0; path = Pods_CircleOfMoneyProgrammaticaly.framework; sourceTree = BUILT_PRODUCTS_DIR; };
/* End PBXFileReference section */

/* Begin PBXFrameworksBuildPhase section */
		1402130A25DFC24500803C47 /* Frameworks */ = {
			isa = PBXFrameworksBuildPhase;
			buildActionMask = 2147483647;
			files = (
				1458CCDF25DFC2AD0091C711 /* SnapKit in Frameworks */,
				27EDDD43402761F385F46255 /* Pods_CircleOfMoneyProgrammaticaly.framework in Frameworks */,
			);
			runOnlyForDeploymentPostprocessing = 0;
		};
/* End PBXFrameworksBuildPhase section */

/* Begin PBXGroup section */
		1402130425DFC24500803C47 = {
			isa = PBXGroup;
			children = (
				1402130F25DFC24500803C47 /* CircleOfMoneyProgrammaticaly */,
				1402130E25DFC24500803C47 /* Products */,
				C3284F1FE1B6D4379079ED51 /* Pods */,
				99D8A158DD1A10B22E4CFA63 /* Frameworks */,
			);
			sourceTree = "<group>";
		};
		1402130E25DFC24500803C47 /* Products */ = {
			isa = PBXGroup;
			children = (
				1402130D25DFC24500803C47 /* CircleOfMoneyProgrammaticaly.app */,
			);
			name = Products;
			sourceTree = "<group>";
		};
		1402130F25DFC24500803C47 /* CircleOfMoneyProgrammaticaly */ = {
			isa = PBXGroup;
			children = (
				14E2E94D25EA376A00CDF2EF /* CustomViews */,
				1415D45525EA1B6000F2F6FA /* Helpers */,
				141024F225E9051D00CA951A /* Support */,
				14105FD625EEA47E00E86DE5 /* MVC */,
				1402131025DFC24500803C47 /* AppDelegate.swift */,
				1402131925DFC24800803C47 /* Assets.xcassets */,
				1402131B25DFC24800803C47 /* LaunchScreen.storyboard */,
				14E400CA25EBB4CC00C6A628 /* Plists */,
			);
			path = CircleOfMoneyProgrammaticaly;
			sourceTree = "<group>";
		};
		140D687F25E7810400C487E2 /* View */ = {
			isa = PBXGroup;
			children = (
				141024EF25E9003500CA951A /* FirstScreenView.swift */,
				14E2E94325EA2CF000CDF2EF /* SignUpView.swift */,
				14E2E94725EA2D4A00CDF2EF /* LogInView.swift */,
			);
			path = View;
			sourceTree = "<group>";
		};
		140D688025E7810D00C487E2 /* Controller */ = {
			isa = PBXGroup;
			children = (
				1402131425DFC24500803C47 /* FirstScreenViewController.swift */,
				14E2E94025EA2CD200CDF2EF /* SignUpViewController.swift */,
				14E2E94A25EA2D6F00CDF2EF /* LogInViewController.swift */,
			);
			path = Controller;
			sourceTree = "<group>";
		};
		141024F225E9051D00CA951A /* Support */ = {
			isa = PBXGroup;
			children = (
				141024F925E9132200CA951A /* Localization */,
				141024F325E9052800CA951A /* Fonts */,
			);
			path = Support;
			sourceTree = "<group>";
		};
		141024F325E9052800CA951A /* Fonts */ = {
			isa = PBXGroup;
			children = (
				141024F425E9056100CA951A /* ofont.ru_VAG World.ttf */,
				141024F525E9056100CA951A /* Varela-Regular.ttf */,
			);
			path = Fonts;
			sourceTree = "<group>";
		};
		141024F925E9132200CA951A /* Localization */ = {
			isa = PBXGroup;
			children = (
				1410250025E9136600CA951A /* Localizable.strings */,
			);
			path = Localization;
			sourceTree = "<group>";
		};
		1410250825E91FA400CA951A /* Registration */ = {
			isa = PBXGroup;
			children = (
				140D687F25E7810400C487E2 /* View */,
				140D688025E7810D00C487E2 /* Controller */,
			);
			path = Registration;
			sourceTree = "<group>";
		};
		14105FD625EEA47E00E86DE5 /* MVC */ = {
			isa = PBXGroup;
			children = (
				14E400B625EB943000C6A628 /* Home */,
				14E400B525EB942A00C6A628 /* Accounts */,
				1496120C25EA897F00A59E20 /* TabBar */,
				1410250825E91FA400CA951A /* Registration */,
			);
			path = MVC;
			sourceTree = "<group>";
		};
		1415D45525EA1B6000F2F6FA /* Helpers */ = {
			isa = PBXGroup;
			children = (
				142681A225ED1F2A007C8413 /* Network */,
				14E400B325EB918100C6A628 /* DataHandling */,
				14E2E96025EA7E6300CDF2EF /* ErrorHandling */,
				14E2E95B25EA7DBD00CDF2EF /* Singletons */,
				1415D45625EA1B7100F2F6FA /* Extensions */,
			);
			path = Helpers;
			sourceTree = "<group>";
		};
		1415D45625EA1B7100F2F6FA /* Extensions */ = {
			isa = PBXGroup;
			children = (
				1426818325ECBF42007C8413 /* UIViewStack+Ex.swift */,
				1415D45725EA1B8C00F2F6FA /* UIView+Ex.swift */,
				14E2E96525EA7FE400CDF2EF /* UIViewController+Ex.swift */,
				14E400E225EBD4A400C6A628 /* Double+Ex.swift */,
				14E400E525EBD51C00C6A628 /* Notification+Ex.swift */,
			);
			path = Extensions;
			sourceTree = "<group>";
		};
		1426819D25ED1492007C8413 /* Controller */ = {
			isa = PBXGroup;
			children = (
				142681AE25ED29A0007C8413 /* HomeChooseColorViewController.swift */,
				142681B125ED29B5007C8413 /* HomeChooseIconViewController.swift */,
				142681B425ED29C8007C8413 /* HomeChooseNameViewController.swift */,
				142681CD25ED3F1E007C8413 /* HomeDetailViewController.swift */,
				142681D025ED3F70007C8413 /* HomeChooseAccountViewController.swift */,
			);
			path = Controller;
			sourceTree = "<group>";
		};
		142681A225ED1F2A007C8413 /* Network */ = {
			isa = PBXGroup;
			children = (
				142681A325ED1F3C007C8413 /* ExchangeRates.swift */,
			);
			path = Network;
			sourceTree = "<group>";
		};
		1479C3D325EF6CCF00033EE0 /* Bar */ = {
			isa = PBXGroup;
			children = (
				1479C3D425EF6CDC00033EE0 /* SHCircleBar.swift */,
				1479C3D825EF6D0400033EE0 /* SHCircleBarController.swift */,
			);
			path = Bar;
			sourceTree = "<group>";
		};
		1496120C25EA897F00A59E20 /* TabBar */ = {
			isa = PBXGroup;
			children = (
				1496120D25EA899400A59E20 /* Controller */,
			);
			path = TabBar;
			sourceTree = "<group>";
		};
		1496120D25EA899400A59E20 /* Controller */ = {
			isa = PBXGroup;
			children = (
				1496121025EA89CA00A59E20 /* TabBar.swift */,
				14E4009225EB6D7400C6A628 /* AccountsViewController.swift */,
				14E4009525EB6D8100C6A628 /* HomeViewController.swift */,
				14E4009825EB6D9200C6A628 /* OperationsViewController.swift */,
			);
			path = Controller;
			sourceTree = "<group>";
		};
		14D5FE3F25EE0318000F0484 /* View */ = {
			isa = PBXGroup;
			children = (
				14D5FE4025EE0327000F0484 /* HomeChooseNameView.swift */,
				14D5FE4525EE0B03000F0484 /* HomeDetailView.swift */,
			);
			path = View;
			sourceTree = "<group>";
		};
		14E2E94D25EA376A00CDF2EF /* CustomViews */ = {
			isa = PBXGroup;
			children = (
				1479C3D325EF6CCF00033EE0 /* Bar */,
				14E2E94F25EA37A400CDF2EF /* Controls */,
				14E2E94E25EA379200CDF2EF /* Xibs */,
			);
			path = CustomViews;
			sourceTree = "<group>";
		};
		14E2E94E25EA379200CDF2EF /* Xibs */ = {
			isa = PBXGroup;
			children = (
				14E2E95025EA395E00CDF2EF /* TextFieldWithLine.xib */,
				14E400A425EB8B3700C6A628 /* AccountTableViewCell.xib */,
				14E400AD25EB8F3400C6A628 /* CustomAddTableViewCell.xib */,
				14E400BC25EB952400C6A628 /* ChooseIconCollectionViewCell.xib */,
				142681C425ED3D93007C8413 /* ChooseColorCollectionViewCell.xib */,
				146BFC9F25EEA9E5003D769B /* OperationTableViewCell.xib */,
			);
			path = Xibs;
			sourceTree = "<group>";
		};
		14E2E94F25EA37A400CDF2EF /* Controls */ = {
			isa = PBXGroup;
			children = (
				14E2E95325EA396B00CDF2EF /* TextFieldWithLine.swift */,
				14E400A725EB8B6F00C6A628 /* AccountTableViewCell.swift */,
				14E400B025EB8F4900C6A628 /* CustomAddTableViewCell.swift */,
				14E400BF25EB955200C6A628 /* ChooseIconCollectionViewCell.swift */,
				142681C725ED3DD1007C8413 /* ChooseColorCollectionViewCell.swift */,
				146BFCA225EEAA03003D769B /* OperationTableViewCell.swift */,
			);
			path = Controls;
			sourceTree = "<group>";
		};
		14E2E95B25EA7DBD00CDF2EF /* Singletons */ = {
			isa = PBXGroup;
			children = (
				14E2E95C25EA7DD600CDF2EF /* AlertSingleton.swift */,
			);
			path = Singletons;
			sourceTree = "<group>";
		};
		14E2E96025EA7E6300CDF2EF /* ErrorHandling */ = {
			isa = PBXGroup;
			children = (
				14E2E96125EA7E7600CDF2EF /* ErrorHandler.swift */,
			);
			path = ErrorHandling;
			sourceTree = "<group>";
		};
		14E400B325EB918100C6A628 /* DataHandling */ = {
			isa = PBXGroup;
			children = (
				14E400AA25EB8D7500C6A628 /* DataModel.swift */,
				1479C3CE25EF619400033EE0 /* MyDataSavings.swift */,
			);
			path = DataHandling;
			sourceTree = "<group>";
		};
		14E400B525EB942A00C6A628 /* Accounts */ = {
			isa = PBXGroup;
			children = (
				14E400C325EB971B00C6A628 /* View */,
				14E400C225EB970F00C6A628 /* Controller */,
			);
			path = Accounts;
			sourceTree = "<group>";
		};
		14E400B625EB943000C6A628 /* Home */ = {
			isa = PBXGroup;
			children = (
				14D5FE3F25EE0318000F0484 /* View */,
				1426819D25ED1492007C8413 /* Controller */,
			);
			path = Home;
			sourceTree = "<group>";
		};
		14E400C225EB970F00C6A628 /* Controller */ = {
			isa = PBXGroup;
			children = (
				14E400B825EB94B800C6A628 /* ChooseIconViewController.swift */,
				14E400CC25EBB63400C6A628 /* ChooseNameViewController.swift */,
				14E400E825EBD9CA00C6A628 /* DetailLookAtCellViewController.swift */,
				1426818725ECC816007C8413 /* CalculatorViewController.swift */,
			);
			path = Controller;
			sourceTree = "<group>";
		};
		14E400C325EB971B00C6A628 /* View */ = {
			isa = PBXGroup;
			children = (
				14E400C425EB972D00C6A628 /* ChooseIconView.swift */,
				14E400CF25EBB65400C6A628 /* ChooseNameView.swift */,
				14E400EB25EBD9F200C6A628 /* DetailLookAtCellView.swift */,
				1426818A25ECC82B007C8413 /* CalculatorView.swift */,
			);
			path = View;
			sourceTree = "<group>";
		};
		14E400CA25EBB4CC00C6A628 /* Plists */ = {
			isa = PBXGroup;
			children = (
				14E2E96925EA82B800CDF2EF /* GoogleService-Info.plist */,
				1402131E25DFC24800803C47 /* Info.plist */,
			);
			path = Plists;
			sourceTree = "<group>";
		};
		99D8A158DD1A10B22E4CFA63 /* Frameworks */ = {
			isa = PBXGroup;
			children = (
				806281CC4F814FF9E478F3F9 /* Pods_CircleOfMoneyProgrammaticaly.framework */,
			);
			name = Frameworks;
			sourceTree = "<group>";
		};
		C3284F1FE1B6D4379079ED51 /* Pods */ = {
			isa = PBXGroup;
			children = (
				694354AD57D3723928F41522 /* Pods-CircleOfMoneyProgrammaticaly.debug.xcconfig */,
				323B9C57059C13D9584D36FB /* Pods-CircleOfMoneyProgrammaticaly.release.xcconfig */,
			);
			path = Pods;
			sourceTree = "<group>";
		};
/* End PBXGroup section */

/* Begin PBXNativeTarget section */
		1402130C25DFC24500803C47 /* CircleOfMoneyProgrammaticaly */ = {
			isa = PBXNativeTarget;
			buildConfigurationList = 1402132125DFC24800803C47 /* Build configuration list for PBXNativeTarget "CircleOfMoneyProgrammaticaly" */;
			buildPhases = (
				6D6DB98014FA1F79C053EC72 /* [CP] Check Pods Manifest.lock */,
				1402130925DFC24500803C47 /* Sources */,
				1402130A25DFC24500803C47 /* Frameworks */,
				1402130B25DFC24500803C47 /* Resources */,
				139DB36FD0B5731A38658252 /* [CP] Embed Pods Frameworks */,
			);
			buildRules = (
			);
			dependencies = (
			);
			name = CircleOfMoneyProgrammaticaly;
			packageProductDependencies = (
				1458CCDE25DFC2AD0091C711 /* SnapKit */,
			);
			productName = CircleOfMoneyProgrammaticaly;
			productReference = 1402130D25DFC24500803C47 /* CircleOfMoneyProgrammaticaly.app */;
			productType = "com.apple.product-type.application";
		};
/* End PBXNativeTarget section */

/* Begin PBXProject section */
		1402130525DFC24500803C47 /* Project object */ = {
			isa = PBXProject;
			attributes = {
				LastSwiftUpdateCheck = 1240;
				LastUpgradeCheck = 1240;
				TargetAttributes = {
					1402130C25DFC24500803C47 = {
						CreatedOnToolsVersion = 12.4;
					};
				};
			};
			buildConfigurationList = 1402130825DFC24500803C47 /* Build configuration list for PBXProject "CircleOfMoneyProgrammaticaly" */;
			compatibilityVersion = "Xcode 9.3";
			developmentRegion = en;
			hasScannedForEncodings = 0;
			knownRegions = (
				en,
				Base,
				pl,
			);
			mainGroup = 1402130425DFC24500803C47;
			packageReferences = (
				1458CCDD25DFC2AD0091C711 /* XCRemoteSwiftPackageReference "SnapKit" */,
			);
			productRefGroup = 1402130E25DFC24500803C47 /* Products */;
			projectDirPath = "";
			projectRoot = "";
			targets = (
				1402130C25DFC24500803C47 /* CircleOfMoneyProgrammaticaly */,
			);
		};
/* End PBXProject section */

/* Begin PBXResourcesBuildPhase section */
		1402130B25DFC24500803C47 /* Resources */ = {
			isa = PBXResourcesBuildPhase;
			buildActionMask = 2147483647;
			files = (
				1402131D25DFC24800803C47 /* LaunchScreen.storyboard in Resources */,
				14E400A525EB8B3700C6A628 /* AccountTableViewCell.xib in Resources */,
				141024FE25E9136600CA951A /* Localizable.strings in Resources */,
				1410250325E91B0600CA951A /* ofont.ru_VAG World.ttf in Resources */,
				14E400BD25EB952400C6A628 /* ChooseIconCollectionViewCell.xib in Resources */,
				14E2E95125EA395E00CDF2EF /* TextFieldWithLine.xib in Resources */,
				1402131A25DFC24800803C47 /* Assets.xcassets in Resources */,
				14E400AE25EB8F3400C6A628 /* CustomAddTableViewCell.xib in Resources */,
				142681C525ED3D93007C8413 /* ChooseColorCollectionViewCell.xib in Resources */,
				1410250525E91B0A00CA951A /* Varela-Regular.ttf in Resources */,
				14E2E96A25EA82B800CDF2EF /* GoogleService-Info.plist in Resources */,
				146BFCA025EEA9E5003D769B /* OperationTableViewCell.xib in Resources */,
			);
			runOnlyForDeploymentPostprocessing = 0;
		};
/* End PBXResourcesBuildPhase section */

/* Begin PBXShellScriptBuildPhase section */
		139DB36FD0B5731A38658252 /* [CP] Embed Pods Frameworks */ = {
			isa = PBXShellScriptBuildPhase;
			buildActionMask = 2147483647;
			files = (
			);
			inputFileListPaths = (
				"${PODS_ROOT}/Target Support Files/Pods-CircleOfMoneyProgrammaticaly/Pods-CircleOfMoneyProgrammaticaly-frameworks-${CONFIGURATION}-input-files.xcfilelist",
			);
			name = "[CP] Embed Pods Frameworks";
			outputFileListPaths = (
				"${PODS_ROOT}/Target Support Files/Pods-CircleOfMoneyProgrammaticaly/Pods-CircleOfMoneyProgrammaticaly-frameworks-${CONFIGURATION}-output-files.xcfilelist",
			);
			runOnlyForDeploymentPostprocessing = 0;
			shellPath = /bin/sh;
			shellScript = "\"${PODS_ROOT}/Target Support Files/Pods-CircleOfMoneyProgrammaticaly/Pods-CircleOfMoneyProgrammaticaly-frameworks.sh\"\n";
			showEnvVarsInLog = 0;
		};
		6D6DB98014FA1F79C053EC72 /* [CP] Check Pods Manifest.lock */ = {
			isa = PBXShellScriptBuildPhase;
			buildActionMask = 2147483647;
			files = (
			);
			inputFileListPaths = (
			);
			inputPaths = (
				"${PODS_PODFILE_DIR_PATH}/Podfile.lock",
				"${PODS_ROOT}/Manifest.lock",
			);
			name = "[CP] Check Pods Manifest.lock";
			outputFileListPaths = (
			);
			outputPaths = (
				"$(DERIVED_FILE_DIR)/Pods-CircleOfMoneyProgrammaticaly-checkManifestLockResult.txt",
			);
			runOnlyForDeploymentPostprocessing = 0;
			shellPath = /bin/sh;
			shellScript = "diff \"${PODS_PODFILE_DIR_PATH}/Podfile.lock\" \"${PODS_ROOT}/Manifest.lock\" > /dev/null\nif [ $? != 0 ] ; then\n    # print error to STDERR\n    echo \"error: The sandbox is not in sync with the Podfile.lock. Run 'pod install' or update your CocoaPods installation.\" >&2\n    exit 1\nfi\n# This output is used by Xcode 'outputs' to avoid re-running this script phase.\necho \"SUCCESS\" > \"${SCRIPT_OUTPUT_FILE_0}\"\n";
			showEnvVarsInLog = 0;
		};
/* End PBXShellScriptBuildPhase section */

/* Begin PBXSourcesBuildPhase section */
		1402130925DFC24500803C47 /* Sources */ = {
			isa = PBXSourcesBuildPhase;
			buildActionMask = 2147483647;
			files = (
				141024F025E9003500CA951A /* FirstScreenView.swift in Sources */,
				1426818B25ECC82B007C8413 /* CalculatorView.swift in Sources */,
				142681D125ED3F70007C8413 /* HomeChooseAccountViewController.swift in Sources */,
				14E2E94825EA2D4A00CDF2EF /* LogInView.swift in Sources */,
				14E400C525EB972D00C6A628 /* ChooseIconView.swift in Sources */,
				1402131525DFC24500803C47 /* FirstScreenViewController.swift in Sources */,
				1402131125DFC24500803C47 /* AppDelegate.swift in Sources */,
				14E4009925EB6D9200C6A628 /* OperationsViewController.swift in Sources */,
				1496121125EA89CA00A59E20 /* TabBar.swift in Sources */,
				142681AF25ED29A0007C8413 /* HomeChooseColorViewController.swift in Sources */,
				14E2E94B25EA2D6F00CDF2EF /* LogInViewController.swift in Sources */,
				14E400D025EBB65400C6A628 /* ChooseNameView.swift in Sources */,
				142681A425ED1F3C007C8413 /* ExchangeRates.swift in Sources */,
				14E2E96625EA7FE400CDF2EF /* UIViewController+Ex.swift in Sources */,
				1479C3D525EF6CDC00033EE0 /* SHCircleBar.swift in Sources */,
				142681B225ED29B5007C8413 /* HomeChooseIconViewController.swift in Sources */,
				14E4009325EB6D7400C6A628 /* AccountsViewController.swift in Sources */,
				14E400CD25EBB63400C6A628 /* ChooseNameViewController.swift in Sources */,
				1426818425ECBF42007C8413 /* UIViewStack+Ex.swift in Sources */,
				14E400C025EB955200C6A628 /* ChooseIconCollectionViewCell.swift in Sources */,
				1479C3D925EF6D0400033EE0 /* SHCircleBarController.swift in Sources */,
				14E400EC25EBD9F200C6A628 /* DetailLookAtCellView.swift in Sources */,
				142681C825ED3DD1007C8413 /* ChooseColorCollectionViewCell.swift in Sources */,
				1415D45825EA1B8C00F2F6FA /* UIView+Ex.swift in Sources */,
				1426818825ECC816007C8413 /* CalculatorViewController.swift in Sources */,
				14E2E94425EA2CF000CDF2EF /* SignUpView.swift in Sources */,
				14E400E625EBD51C00C6A628 /* Notification+Ex.swift in Sources */,
				14E4009625EB6D8100C6A628 /* HomeViewController.swift in Sources */,
				14E400B125EB8F4900C6A628 /* CustomAddTableViewCell.swift in Sources */,
				1479C3CF25EF619400033EE0 /* MyDataSavings.swift in Sources */,
				14E400AB25EB8D7500C6A628 /* DataModel.swift in Sources */,
				14E2E95D25EA7DD600CDF2EF /* AlertSingleton.swift in Sources */,
				14E2E96225EA7E7600CDF2EF /* ErrorHandler.swift in Sources */,
				146BFCA325EEAA03003D769B /* OperationTableViewCell.swift in Sources */,
				14E400B925EB94B800C6A628 /* ChooseIconViewController.swift in Sources */,
				14E2E95425EA396B00CDF2EF /* TextFieldWithLine.swift in Sources */,
				14D5FE4125EE0327000F0484 /* HomeChooseNameView.swift in Sources */,
				142681CE25ED3F1E007C8413 /* HomeDetailViewController.swift in Sources */,
				142681B525ED29C8007C8413 /* HomeChooseNameViewController.swift in Sources */,
				14E400E925EBD9CA00C6A628 /* DetailLookAtCellViewController.swift in Sources */,
				14E2E94125EA2CD200CDF2EF /* SignUpViewController.swift in Sources */,
				14E400A825EB8B6F00C6A628 /* AccountTableViewCell.swift in Sources */,
				14D5FE4625EE0B03000F0484 /* HomeDetailView.swift in Sources */,
				14E400E325EBD4A400C6A628 /* Double+Ex.swift in Sources */,
			);
			runOnlyForDeploymentPostprocessing = 0;
		};
/* End PBXSourcesBuildPhase section */

/* Begin PBXVariantGroup section */
		1402131B25DFC24800803C47 /* LaunchScreen.storyboard */ = {
			isa = PBXVariantGroup;
			children = (
				1402131C25DFC24800803C47 /* Base */,
				141024F725E912FE00CA951A /* pl */,
			);
			name = LaunchScreen.storyboard;
			sourceTree = "<group>";
		};
		1410250025E9136600CA951A /* Localizable.strings */ = {
			isa = PBXVariantGroup;
			children = (
				141024FF25E9136600CA951A /* en */,
				1410250225E9136B00CA951A /* pl */,
			);
			name = Localizable.strings;
			sourceTree = "<group>";
		};
/* End PBXVariantGroup section */

/* Begin XCBuildConfiguration section */
		1402131F25DFC24800803C47 /* Debug */ = {
			isa = XCBuildConfiguration;
			buildSettings = {
				ALWAYS_SEARCH_USER_PATHS = NO;
				CLANG_ANALYZER_LOCALIZABILITY_NONLOCALIZED = YES;
				CLANG_ANALYZER_NONNULL = YES;
				CLANG_ANALYZER_NUMBER_OBJECT_CONVERSION = YES_AGGRESSIVE;
				CLANG_CXX_LANGUAGE_STANDARD = "gnu++14";
				CLANG_CXX_LIBRARY = "libc++";
				CLANG_ENABLE_MODULES = YES;
				CLANG_ENABLE_OBJC_ARC = YES;
				CLANG_ENABLE_OBJC_WEAK = YES;
				CLANG_WARN_BLOCK_CAPTURE_AUTORELEASING = YES;
				CLANG_WARN_BOOL_CONVERSION = YES;
				CLANG_WARN_COMMA = YES;
				CLANG_WARN_CONSTANT_CONVERSION = YES;
				CLANG_WARN_DEPRECATED_OBJC_IMPLEMENTATIONS = YES;
				CLANG_WARN_DIRECT_OBJC_ISA_USAGE = YES_ERROR;
				CLANG_WARN_DOCUMENTATION_COMMENTS = YES;
				CLANG_WARN_EMPTY_BODY = YES;
				CLANG_WARN_ENUM_CONVERSION = YES;
				CLANG_WARN_INFINITE_RECURSION = YES;
				CLANG_WARN_INT_CONVERSION = YES;
				CLANG_WARN_NON_LITERAL_NULL_CONVERSION = YES;
				CLANG_WARN_OBJC_IMPLICIT_RETAIN_SELF = YES;
				CLANG_WARN_OBJC_LITERAL_CONVERSION = YES;
				CLANG_WARN_OBJC_ROOT_CLASS = YES_ERROR;
				CLANG_WARN_QUOTED_INCLUDE_IN_FRAMEWORK_HEADER = YES;
				CLANG_WARN_RANGE_LOOP_ANALYSIS = YES;
				CLANG_WARN_STRICT_PROTOTYPES = YES;
				CLANG_WARN_SUSPICIOUS_MOVE = YES;
				CLANG_WARN_UNGUARDED_AVAILABILITY = YES_AGGRESSIVE;
				CLANG_WARN_UNREACHABLE_CODE = YES;
				CLANG_WARN__DUPLICATE_METHOD_MATCH = YES;
				COPY_PHASE_STRIP = NO;
				DEBUG_INFORMATION_FORMAT = dwarf;
				ENABLE_STRICT_OBJC_MSGSEND = YES;
				ENABLE_TESTABILITY = YES;
				GCC_C_LANGUAGE_STANDARD = gnu11;
				GCC_DYNAMIC_NO_PIC = NO;
				GCC_NO_COMMON_BLOCKS = YES;
				GCC_OPTIMIZATION_LEVEL = 0;
				GCC_PREPROCESSOR_DEFINITIONS = (
					"DEBUG=1",
					"$(inherited)",
				);
				GCC_WARN_64_TO_32_BIT_CONVERSION = YES;
				GCC_WARN_ABOUT_RETURN_TYPE = YES_ERROR;
				GCC_WARN_UNDECLARED_SELECTOR = YES;
				GCC_WARN_UNINITIALIZED_AUTOS = YES_AGGRESSIVE;
				GCC_WARN_UNUSED_FUNCTION = YES;
				GCC_WARN_UNUSED_VARIABLE = YES;
				IPHONEOS_DEPLOYMENT_TARGET = 14.4;
				MTL_ENABLE_DEBUG_INFO = INCLUDE_SOURCE;
				MTL_FAST_MATH = YES;
				ONLY_ACTIVE_ARCH = YES;
				SDKROOT = iphoneos;
				SWIFT_ACTIVE_COMPILATION_CONDITIONS = DEBUG;
				SWIFT_OPTIMIZATION_LEVEL = "-Onone";
			};
			name = Debug;
		};
		1402132025DFC24800803C47 /* Release */ = {
			isa = XCBuildConfiguration;
			buildSettings = {
				ALWAYS_SEARCH_USER_PATHS = NO;
				CLANG_ANALYZER_LOCALIZABILITY_NONLOCALIZED = YES;
				CLANG_ANALYZER_NONNULL = YES;
				CLANG_ANALYZER_NUMBER_OBJECT_CONVERSION = YES_AGGRESSIVE;
				CLANG_CXX_LANGUAGE_STANDARD = "gnu++14";
				CLANG_CXX_LIBRARY = "libc++";
				CLANG_ENABLE_MODULES = YES;
				CLANG_ENABLE_OBJC_ARC = YES;
				CLANG_ENABLE_OBJC_WEAK = YES;
				CLANG_WARN_BLOCK_CAPTURE_AUTORELEASING = YES;
				CLANG_WARN_BOOL_CONVERSION = YES;
				CLANG_WARN_COMMA = YES;
				CLANG_WARN_CONSTANT_CONVERSION = YES;
				CLANG_WARN_DEPRECATED_OBJC_IMPLEMENTATIONS = YES;
				CLANG_WARN_DIRECT_OBJC_ISA_USAGE = YES_ERROR;
				CLANG_WARN_DOCUMENTATION_COMMENTS = YES;
				CLANG_WARN_EMPTY_BODY = YES;
				CLANG_WARN_ENUM_CONVERSION = YES;
				CLANG_WARN_INFINITE_RECURSION = YES;
				CLANG_WARN_INT_CONVERSION = YES;
				CLANG_WARN_NON_LITERAL_NULL_CONVERSION = YES;
				CLANG_WARN_OBJC_IMPLICIT_RETAIN_SELF = YES;
				CLANG_WARN_OBJC_LITERAL_CONVERSION = YES;
				CLANG_WARN_OBJC_ROOT_CLASS = YES_ERROR;
				CLANG_WARN_QUOTED_INCLUDE_IN_FRAMEWORK_HEADER = YES;
				CLANG_WARN_RANGE_LOOP_ANALYSIS = YES;
				CLANG_WARN_STRICT_PROTOTYPES = YES;
				CLANG_WARN_SUSPICIOUS_MOVE = YES;
				CLANG_WARN_UNGUARDED_AVAILABILITY = YES_AGGRESSIVE;
				CLANG_WARN_UNREACHABLE_CODE = YES;
				CLANG_WARN__DUPLICATE_METHOD_MATCH = YES;
				COPY_PHASE_STRIP = NO;
				DEBUG_INFORMATION_FORMAT = "dwarf-with-dsym";
				ENABLE_NS_ASSERTIONS = NO;
				ENABLE_STRICT_OBJC_MSGSEND = YES;
				GCC_C_LANGUAGE_STANDARD = gnu11;
				GCC_NO_COMMON_BLOCKS = YES;
				GCC_WARN_64_TO_32_BIT_CONVERSION = YES;
				GCC_WARN_ABOUT_RETURN_TYPE = YES_ERROR;
				GCC_WARN_UNDECLARED_SELECTOR = YES;
				GCC_WARN_UNINITIALIZED_AUTOS = YES_AGGRESSIVE;
				GCC_WARN_UNUSED_FUNCTION = YES;
				GCC_WARN_UNUSED_VARIABLE = YES;
				IPHONEOS_DEPLOYMENT_TARGET = 14.4;
				MTL_ENABLE_DEBUG_INFO = NO;
				MTL_FAST_MATH = YES;
				SDKROOT = iphoneos;
				SWIFT_COMPILATION_MODE = wholemodule;
				SWIFT_OPTIMIZATION_LEVEL = "-O";
				VALIDATE_PRODUCT = YES;
			};
			name = Release;
		};
		1402132225DFC24800803C47 /* Debug */ = {
			isa = XCBuildConfiguration;
			baseConfigurationReference = 694354AD57D3723928F41522 /* Pods-CircleOfMoneyProgrammaticaly.debug.xcconfig */;
			buildSettings = {
				ASSETCATALOG_COMPILER_APPICON_NAME = AppIcon;
				ASSETCATALOG_COMPILER_GLOBAL_ACCENT_COLOR_NAME = AccentColor;
				CODE_SIGN_STYLE = Automatic;
				DEVELOPMENT_TEAM = BBD9R4HKY2;
				INFOPLIST_FILE = CircleOfMoneyProgrammaticaly/Plists/Info.plist;
				LD_RUNPATH_SEARCH_PATHS = (
					"$(inherited)",
					"@executable_path/Frameworks",
				);
				PRODUCT_BUNDLE_IDENTIFIER = HellizarApps.com.CircleOfMoneyProgrammaticaly;
				PRODUCT_NAME = "$(TARGET_NAME)";
				SWIFT_VERSION = 5.0;
				TARGETED_DEVICE_FAMILY = 1;
			};
			name = Debug;
		};
		1402132325DFC24800803C47 /* Release */ = {
			isa = XCBuildConfiguration;
			baseConfigurationReference = 323B9C57059C13D9584D36FB /* Pods-CircleOfMoneyProgrammaticaly.release.xcconfig */;
			buildSettings = {
				ASSETCATALOG_COMPILER_APPICON_NAME = AppIcon;
				ASSETCATALOG_COMPILER_GLOBAL_ACCENT_COLOR_NAME = AccentColor;
				CODE_SIGN_STYLE = Automatic;
				DEVELOPMENT_TEAM = BBD9R4HKY2;
				INFOPLIST_FILE = CircleOfMoneyProgrammaticaly/Plists/Info.plist;
				LD_RUNPATH_SEARCH_PATHS = (
					"$(inherited)",
					"@executable_path/Frameworks",
				);
				PRODUCT_BUNDLE_IDENTIFIER = HellizarApps.com.CircleOfMoneyProgrammaticaly;
				PRODUCT_NAME = "$(TARGET_NAME)";
				SWIFT_VERSION = 5.0;
				TARGETED_DEVICE_FAMILY = 1;
			};
			name = Release;
		};
/* End XCBuildConfiguration section */

/* Begin XCConfigurationList section */
		1402130825DFC24500803C47 /* Build configuration list for PBXProject "CircleOfMoneyProgrammaticaly" */ = {
			isa = XCConfigurationList;
			buildConfigurations = (
				1402131F25DFC24800803C47 /* Debug */,
				1402132025DFC24800803C47 /* Release */,
			);
			defaultConfigurationIsVisible = 0;
			defaultConfigurationName = Release;
		};
		1402132125DFC24800803C47 /* Build configuration list for PBXNativeTarget "CircleOfMoneyProgrammaticaly" */ = {
			isa = XCConfigurationList;
			buildConfigurations = (
				1402132225DFC24800803C47 /* Debug */,
				1402132325DFC24800803C47 /* Release */,
			);
			defaultConfigurationIsVisible = 0;
			defaultConfigurationName = Release;
		};
/* End XCConfigurationList section */

/* Begin XCRemoteSwiftPackageReference section */
		1458CCDD25DFC2AD0091C711 /* XCRemoteSwiftPackageReference "SnapKit" */ = {
			isa = XCRemoteSwiftPackageReference;
			repositoryURL = "https://github.com/SnapKit/SnapKit";
			requirement = {
				kind = upToNextMajorVersion;
				minimumVersion = 5.0.1;
			};
		};
/* End XCRemoteSwiftPackageReference section */

/* Begin XCSwiftPackageProductDependency section */
		1458CCDE25DFC2AD0091C711 /* SnapKit */ = {
			isa = XCSwiftPackageProductDependency;
			package = 1458CCDD25DFC2AD0091C711 /* XCRemoteSwiftPackageReference "SnapKit" */;
			productName = SnapKit;
		};
/* End XCSwiftPackageProductDependency section */
	};
	rootObject = 1402130525DFC24500803C47 /* Project object */;
}
