// !$*UTF8*$!
{
	archiveVersion = 1;
	classes = {
	};
	objectVersion = 52;
	objects = {

/* Begin PBXBuildFile section */
		1402131125DFC24500803C47 /* AppDelegate.swift in Sources */ = {isa = PBXBuildFile; fileRef = 1402131025DFC24500803C47 /* AppDelegate.swift */; };
		1402131525DFC24500803C47 /* FirstScreenViewController.swift in Sources */ = {isa = PBXBuildFile; fileRef = 1402131425DFC24500803C47 /* FirstScreenViewController.swift */; };
		1402131A25DFC24800803C47 /* Assets.xcassets in Resources */ = {isa = PBXBuildFile; fileRef = 1402131925DFC24800803C47 /* Assets.xcassets */; };
		1402131D25DFC24800803C47 /* LaunchScreen.storyboard in Resources */ = {isa = PBXBuildFile; fileRef = 1402131B25DFC24800803C47 /* LaunchScreen.storyboard */; };
		141024F025E9003500CA951A /* FirstScreenUIView.swift in Sources */ = {isa = PBXBuildFile; fileRef = 141024EF25E9003500CA951A /* FirstScreenUIView.swift */; };
		141024FE25E9136600CA951A /* Localizable.strings in Resources */ = {isa = PBXBuildFile; fileRef = 1410250025E9136600CA951A /* Localizable.strings */; };
		1410250325E91B0600CA951A /* ofont.ru_VAG World.ttf in Resources */ = {isa = PBXBuildFile; fileRef = 141024F425E9056100CA951A /* ofont.ru_VAG World.ttf */; };
		1410250525E91B0A00CA951A /* Varela-Regular.ttf in Resources */ = {isa = PBXBuildFile; fileRef = 141024F525E9056100CA951A /* Varela-Regular.ttf */; };
		1458CCDF25DFC2AD0091C711 /* SnapKit in Frameworks */ = {isa = PBXBuildFile; productRef = 1458CCDE25DFC2AD0091C711 /* SnapKit */; };
/* End PBXBuildFile section */

/* Begin PBXFileReference section */
		1402130D25DFC24500803C47 /* CircleOfMoneyProgrammaticaly.app */ = {isa = PBXFileReference; explicitFileType = wrapper.application; includeInIndex = 0; path = CircleOfMoneyProgrammaticaly.app; sourceTree = BUILT_PRODUCTS_DIR; };
		1402131025DFC24500803C47 /* AppDelegate.swift */ = {isa = PBXFileReference; lastKnownFileType = sourcecode.swift; path = AppDelegate.swift; sourceTree = "<group>"; };
		1402131425DFC24500803C47 /* FirstScreenViewController.swift */ = {isa = PBXFileReference; lastKnownFileType = sourcecode.swift; path = FirstScreenViewController.swift; sourceTree = "<group>"; };
		1402131925DFC24800803C47 /* Assets.xcassets */ = {isa = PBXFileReference; lastKnownFileType = folder.assetcatalog; path = Assets.xcassets; sourceTree = "<group>"; };
		1402131C25DFC24800803C47 /* Base */ = {isa = PBXFileReference; lastKnownFileType = file.storyboard; name = Base; path = Base.lproj/LaunchScreen.storyboard; sourceTree = "<group>"; };
		1402131E25DFC24800803C47 /* Info.plist */ = {isa = PBXFileReference; lastKnownFileType = text.plist.xml; path = Info.plist; sourceTree = "<group>"; };
		141024EF25E9003500CA951A /* FirstScreenUIView.swift */ = {isa = PBXFileReference; lastKnownFileType = sourcecode.swift; path = FirstScreenUIView.swift; sourceTree = "<group>"; };
		141024F425E9056100CA951A /* ofont.ru_VAG World.ttf */ = {isa = PBXFileReference; lastKnownFileType = file; path = "ofont.ru_VAG World.ttf"; sourceTree = "<group>"; };
		141024F525E9056100CA951A /* Varela-Regular.ttf */ = {isa = PBXFileReference; lastKnownFileType = file; path = "Varela-Regular.ttf"; sourceTree = "<group>"; };
		141024F725E912FE00CA951A /* pl */ = {isa = PBXFileReference; lastKnownFileType = text.plist.strings; name = pl; path = pl.lproj/LaunchScreen.strings; sourceTree = "<group>"; };
		141024FF25E9136600CA951A /* en */ = {isa = PBXFileReference; lastKnownFileType = text.plist.strings; name = en; path = en.lproj/Localizable.strings; sourceTree = "<group>"; };
		1410250225E9136B00CA951A /* pl */ = {isa = PBXFileReference; lastKnownFileType = text.plist.strings; name = pl; path = pl.lproj/Localizable.strings; sourceTree = "<group>"; };
/* End PBXFileReference section */

/* Begin PBXFrameworksBuildPhase section */
		1402130A25DFC24500803C47 /* Frameworks */ = {
			isa = PBXFrameworksBuildPhase;
			buildActionMask = 2147483647;
			files = (
				1458CCDF25DFC2AD0091C711 /* SnapKit in Frameworks */,
			);
			runOnlyForDeploymentPostprocessing = 0;
		};
/* End PBXFrameworksBuildPhase section */

/* Begin PBXGroup section */
		1402130425DFC24500803C47 = {
			isa = PBXGroup;
			children = (
				1402130F25DFC24500803C47 /* CircleOfMoneyProgrammaticaly */,
				1402130E25DFC24500803C47 /* Products */,
			);
			sourceTree = "<group>";
		};
		1402130E25DFC24500803C47 /* Products */ = {
			isa = PBXGroup;
			children = (
				1402130D25DFC24500803C47 /* CircleOfMoneyProgrammaticaly.app */,
			);
			name = Products;
			sourceTree = "<group>";
		};
		1402130F25DFC24500803C47 /* CircleOfMoneyProgrammaticaly */ = {
			isa = PBXGroup;
			children = (
				141024F225E9051D00CA951A /* Support */,
				1410250825E91FA400CA951A /* Registration */,
				1402131025DFC24500803C47 /* AppDelegate.swift */,
				1402131925DFC24800803C47 /* Assets.xcassets */,
				1402131B25DFC24800803C47 /* LaunchScreen.storyboard */,
				1402131E25DFC24800803C47 /* Info.plist */,
			);
			path = CircleOfMoneyProgrammaticaly;
			sourceTree = "<group>";
		};
		140D687D25E780C800C487E2 /* Model */ = {
			isa = PBXGroup;
			children = (
			);
			path = Model;
			sourceTree = "<group>";
		};
		140D687F25E7810400C487E2 /* View */ = {
			isa = PBXGroup;
			children = (
				141024EF25E9003500CA951A /* FirstScreenUIView.swift */,
			);
			path = View;
			sourceTree = "<group>";
		};
		140D688025E7810D00C487E2 /* Controller */ = {
			isa = PBXGroup;
			children = (
				1402131425DFC24500803C47 /* FirstScreenViewController.swift */,
			);
			path = Controller;
			sourceTree = "<group>";
		};
		141024F225E9051D00CA951A /* Support */ = {
			isa = PBXGroup;
			children = (
				141024F925E9132200CA951A /* Localization */,
				141024F325E9052800CA951A /* Fonts */,
			);
			path = Support;
			sourceTree = "<group>";
		};
		141024F325E9052800CA951A /* Fonts */ = {
			isa = PBXGroup;
			children = (
				141024F425E9056100CA951A /* ofont.ru_VAG World.ttf */,
				141024F525E9056100CA951A /* Varela-Regular.ttf */,
			);
			path = Fonts;
			sourceTree = "<group>";
		};
		141024F925E9132200CA951A /* Localization */ = {
			isa = PBXGroup;
			children = (
				1410250025E9136600CA951A /* Localizable.strings */,
			);
			path = Localization;
			sourceTree = "<group>";
		};
		1410250825E91FA400CA951A /* Registration */ = {
			isa = PBXGroup;
			children = (
				140D687D25E780C800C487E2 /* Model */,
				140D687F25E7810400C487E2 /* View */,
				140D688025E7810D00C487E2 /* Controller */,
			);
			path = Registration;
			sourceTree = "<group>";
		};
/* End PBXGroup section */

/* Begin PBXNativeTarget section */
		1402130C25DFC24500803C47 /* CircleOfMoneyProgrammaticaly */ = {
			isa = PBXNativeTarget;
			buildConfigurationList = 1402132125DFC24800803C47 /* Build configuration list for PBXNativeTarget "CircleOfMoneyProgrammaticaly" */;
			buildPhases = (
				1402130925DFC24500803C47 /* Sources */,
				1402130A25DFC24500803C47 /* Frameworks */,
				1402130B25DFC24500803C47 /* Resources */,
			);
			buildRules = (
			);
			dependencies = (
			);
			name = CircleOfMoneyProgrammaticaly;
			packageProductDependencies = (
				1458CCDE25DFC2AD0091C711 /* SnapKit */,
			);
			productName = CircleOfMoneyProgrammaticaly;
			productReference = 1402130D25DFC24500803C47 /* CircleOfMoneyProgrammaticaly.app */;
			productType = "com.apple.product-type.application";
		};
/* End PBXNativeTarget section */

/* Begin PBXProject section */
		1402130525DFC24500803C47 /* Project object */ = {
			isa = PBXProject;
			attributes = {
				LastSwiftUpdateCheck = 1240;
				LastUpgradeCheck = 1240;
				TargetAttributes = {
					1402130C25DFC24500803C47 = {
						CreatedOnToolsVersion = 12.4;
					};
				};
			};
			buildConfigurationList = 1402130825DFC24500803C47 /* Build configuration list for PBXProject "CircleOfMoneyProgrammaticaly" */;
			compatibilityVersion = "Xcode 9.3";
			developmentRegion = en;
			hasScannedForEncodings = 0;
			knownRegions = (
				en,
				Base,
				pl,
			);
			mainGroup = 1402130425DFC24500803C47;
			packageReferences = (
				1458CCDD25DFC2AD0091C711 /* XCRemoteSwiftPackageReference "SnapKit" */,
			);
			productRefGroup = 1402130E25DFC24500803C47 /* Products */;
			projectDirPath = "";
			projectRoot = "";
			targets = (
				1402130C25DFC24500803C47 /* CircleOfMoneyProgrammaticaly */,
			);
		};
/* End PBXProject section */

/* Begin PBXResourcesBuildPhase section */
		1402130B25DFC24500803C47 /* Resources */ = {
			isa = PBXResourcesBuildPhase;
			buildActionMask = 2147483647;
			files = (
				1402131D25DFC24800803C47 /* LaunchScreen.storyboard in Resources */,
				141024FE25E9136600CA951A /* Localizable.strings in Resources */,
				1410250325E91B0600CA951A /* ofont.ru_VAG World.ttf in Resources */,
				1402131A25DFC24800803C47 /* Assets.xcassets in Resources */,
				1410250525E91B0A00CA951A /* Varela-Regular.ttf in Resources */,
			);
			runOnlyForDeploymentPostprocessing = 0;
		};
/* End PBXResourcesBuildPhase section */

/* Begin PBXSourcesBuildPhase section */
		1402130925DFC24500803C47 /* Sources */ = {
			isa = PBXSourcesBuildPhase;
			buildActionMask = 2147483647;
			files = (
				141024F025E9003500CA951A /* FirstScreenUIView.swift in Sources */,
				1402131525DFC24500803C47 /* FirstScreenViewController.swift in Sources */,
				1402131125DFC24500803C47 /* AppDelegate.swift in Sources */,
			);
			runOnlyForDeploymentPostprocessing = 0;
		};
/* End PBXSourcesBuildPhase section */

/* Begin PBXVariantGroup section */
		1402131B25DFC24800803C47 /* LaunchScreen.storyboard */ = {
			isa = PBXVariantGroup;
			children = (
				1402131C25DFC24800803C47 /* Base */,
				141024F725E912FE00CA951A /* pl */,
			);
			name = LaunchScreen.storyboard;
			sourceTree = "<group>";
		};
		1410250025E9136600CA951A /* Localizable.strings */ = {
			isa = PBXVariantGroup;
			children = (
				141024FF25E9136600CA951A /* en */,
				1410250225E9136B00CA951A /* pl */,
			);
			name = Localizable.strings;
			sourceTree = "<group>";
		};
/* End PBXVariantGroup section */

/* Begin XCBuildConfiguration section */
		1402131F25DFC24800803C47 /* Debug */ = {
			isa = XCBuildConfiguration;
			buildSettings = {
				ALWAYS_SEARCH_USER_PATHS = NO;
				CLANG_ANALYZER_LOCALIZABILITY_NONLOCALIZED = YES;
				CLANG_ANALYZER_NONNULL = YES;
				CLANG_ANALYZER_NUMBER_OBJECT_CONVERSION = YES_AGGRESSIVE;
				CLANG_CXX_LANGUAGE_STANDARD = "gnu++14";
				CLANG_CXX_LIBRARY = "libc++";
				CLANG_ENABLE_MODULES = YES;
				CLANG_ENABLE_OBJC_ARC = YES;
				CLANG_ENABLE_OBJC_WEAK = YES;
				CLANG_WARN_BLOCK_CAPTURE_AUTORELEASING = YES;
				CLANG_WARN_BOOL_CONVERSION = YES;
				CLANG_WARN_COMMA = YES;
				CLANG_WARN_CONSTANT_CONVERSION = YES;
				CLANG_WARN_DEPRECATED_OBJC_IMPLEMENTATIONS = YES;
				CLANG_WARN_DIRECT_OBJC_ISA_USAGE = YES_ERROR;
				CLANG_WARN_DOCUMENTATION_COMMENTS = YES;
				CLANG_WARN_EMPTY_BODY = YES;
				CLANG_WARN_ENUM_CONVERSION = YES;
				CLANG_WARN_INFINITE_RECURSION = YES;
				CLANG_WARN_INT_CONVERSION = YES;
				CLANG_WARN_NON_LITERAL_NULL_CONVERSION = YES;
				CLANG_WARN_OBJC_IMPLICIT_RETAIN_SELF = YES;
				CLANG_WARN_OBJC_LITERAL_CONVERSION = YES;
				CLANG_WARN_OBJC_ROOT_CLASS = YES_ERROR;
				CLANG_WARN_QUOTED_INCLUDE_IN_FRAMEWORK_HEADER = YES;
				CLANG_WARN_RANGE_LOOP_ANALYSIS = YES;
				CLANG_WARN_STRICT_PROTOTYPES = YES;
				CLANG_WARN_SUSPICIOUS_MOVE = YES;
				CLANG_WARN_UNGUARDED_AVAILABILITY = YES_AGGRESSIVE;
				CLANG_WARN_UNREACHABLE_CODE = YES;
				CLANG_WARN__DUPLICATE_METHOD_MATCH = YES;
				COPY_PHASE_STRIP = NO;
				DEBUG_INFORMATION_FORMAT = dwarf;
				ENABLE_STRICT_OBJC_MSGSEND = YES;
				ENABLE_TESTABILITY = YES;
				GCC_C_LANGUAGE_STANDARD = gnu11;
				GCC_DYNAMIC_NO_PIC = NO;
				GCC_NO_COMMON_BLOCKS = YES;
				GCC_OPTIMIZATION_LEVEL = 0;
				GCC_PREPROCESSOR_DEFINITIONS = (
					"DEBUG=1",
					"$(inherited)",
				);
				GCC_WARN_64_TO_32_BIT_CONVERSION = YES;
				GCC_WARN_ABOUT_RETURN_TYPE = YES_ERROR;
				GCC_WARN_UNDECLARED_SELECTOR = YES;
				GCC_WARN_UNINITIALIZED_AUTOS = YES_AGGRESSIVE;
				GCC_WARN_UNUSED_FUNCTION = YES;
				GCC_WARN_UNUSED_VARIABLE = YES;
				IPHONEOS_DEPLOYMENT_TARGET = 14.4;
				MTL_ENABLE_DEBUG_INFO = INCLUDE_SOURCE;
				MTL_FAST_MATH = YES;
				ONLY_ACTIVE_ARCH = YES;
				SDKROOT = iphoneos;
				SWIFT_ACTIVE_COMPILATION_CONDITIONS = DEBUG;
				SWIFT_OPTIMIZATION_LEVEL = "-Onone";
			};
			name = Debug;
		};
		1402132025DFC24800803C47 /* Release */ = {
			isa = XCBuildConfiguration;
			buildSettings = {
				ALWAYS_SEARCH_USER_PATHS = NO;
				CLANG_ANALYZER_LOCALIZABILITY_NONLOCALIZED = YES;
				CLANG_ANALYZER_NONNULL = YES;
				CLANG_ANALYZER_NUMBER_OBJECT_CONVERSION = YES_AGGRESSIVE;
				CLANG_CXX_LANGUAGE_STANDARD = "gnu++14";
				CLANG_CXX_LIBRARY = "libc++";
				CLANG_ENABLE_MODULES = YES;
				CLANG_ENABLE_OBJC_ARC = YES;
				CLANG_ENABLE_OBJC_WEAK = YES;
				CLANG_WARN_BLOCK_CAPTURE_AUTORELEASING = YES;
				CLANG_WARN_BOOL_CONVERSION = YES;
				CLANG_WARN_COMMA = YES;
				CLANG_WARN_CONSTANT_CONVERSION = YES;
				CLANG_WARN_DEPRECATED_OBJC_IMPLEMENTATIONS = YES;
				CLANG_WARN_DIRECT_OBJC_ISA_USAGE = YES_ERROR;
				CLANG_WARN_DOCUMENTATION_COMMENTS = YES;
				CLANG_WARN_EMPTY_BODY = YES;
				CLANG_WARN_ENUM_CONVERSION = YES;
				CLANG_WARN_INFINITE_RECURSION = YES;
				CLANG_WARN_INT_CONVERSION = YES;
				CLANG_WARN_NON_LITERAL_NULL_CONVERSION = YES;
				CLANG_WARN_OBJC_IMPLICIT_RETAIN_SELF = YES;
				CLANG_WARN_OBJC_LITERAL_CONVERSION = YES;
				CLANG_WARN_OBJC_ROOT_CLASS = YES_ERROR;
				CLANG_WARN_QUOTED_INCLUDE_IN_FRAMEWORK_HEADER = YES;
				CLANG_WARN_RANGE_LOOP_ANALYSIS = YES;
				CLANG_WARN_STRICT_PROTOTYPES = YES;
				CLANG_WARN_SUSPICIOUS_MOVE = YES;
				CLANG_WARN_UNGUARDED_AVAILABILITY = YES_AGGRESSIVE;
				CLANG_WARN_UNREACHABLE_CODE = YES;
				CLANG_WARN__DUPLICATE_METHOD_MATCH = YES;
				COPY_PHASE_STRIP = NO;
				DEBUG_INFORMATION_FORMAT = "dwarf-with-dsym";
				ENABLE_NS_ASSERTIONS = NO;
				ENABLE_STRICT_OBJC_MSGSEND = YES;
				GCC_C_LANGUAGE_STANDARD = gnu11;
				GCC_NO_COMMON_BLOCKS = YES;
				GCC_WARN_64_TO_32_BIT_CONVERSION = YES;
				GCC_WARN_ABOUT_RETURN_TYPE = YES_ERROR;
				GCC_WARN_UNDECLARED_SELECTOR = YES;
				GCC_WARN_UNINITIALIZED_AUTOS = YES_AGGRESSIVE;
				GCC_WARN_UNUSED_FUNCTION = YES;
				GCC_WARN_UNUSED_VARIABLE = YES;
				IPHONEOS_DEPLOYMENT_TARGET = 14.4;
				MTL_ENABLE_DEBUG_INFO = NO;
				MTL_FAST_MATH = YES;
				SDKROOT = iphoneos;
				SWIFT_COMPILATION_MODE = wholemodule;
				SWIFT_OPTIMIZATION_LEVEL = "-O";
				VALIDATE_PRODUCT = YES;
			};
			name = Release;
		};
		1402132225DFC24800803C47 /* Debug */ = {
			isa = XCBuildConfiguration;
			buildSettings = {
				ASSETCATALOG_COMPILER_APPICON_NAME = AppIcon;
				ASSETCATALOG_COMPILER_GLOBAL_ACCENT_COLOR_NAME = AccentColor;
				CODE_SIGN_STYLE = Automatic;
				DEVELOPMENT_TEAM = BBD9R4HKY2;
				INFOPLIST_FILE = CircleOfMoneyProgrammaticaly/Info.plist;
				LD_RUNPATH_SEARCH_PATHS = (
					"$(inherited)",
					"@executable_path/Frameworks",
				);
				PRODUCT_BUNDLE_IDENTIFIER = HellizarApps.com.CircleOfMoneyProgrammaticaly;
				PRODUCT_NAME = "$(TARGET_NAME)";
				SWIFT_VERSION = 5.0;
				TARGETED_DEVICE_FAMILY = 1;
			};
			name = Debug;
		};
		1402132325DFC24800803C47 /* Release */ = {
			isa = XCBuildConfiguration;
			buildSettings = {
				ASSETCATALOG_COMPILER_APPICON_NAME = AppIcon;
				ASSETCATALOG_COMPILER_GLOBAL_ACCENT_COLOR_NAME = AccentColor;
				CODE_SIGN_STYLE = Automatic;
				DEVELOPMENT_TEAM = BBD9R4HKY2;
				INFOPLIST_FILE = CircleOfMoneyProgrammaticaly/Info.plist;
				LD_RUNPATH_SEARCH_PATHS = (
					"$(inherited)",
					"@executable_path/Frameworks",
				);
				PRODUCT_BUNDLE_IDENTIFIER = HellizarApps.com.CircleOfMoneyProgrammaticaly;
				PRODUCT_NAME = "$(TARGET_NAME)";
				SWIFT_VERSION = 5.0;
				TARGETED_DEVICE_FAMILY = 1;
			};
			name = Release;
		};
/* End XCBuildConfiguration section */

/* Begin XCConfigurationList section */
		1402130825DFC24500803C47 /* Build configuration list for PBXProject "CircleOfMoneyProgrammaticaly" */ = {
			isa = XCConfigurationList;
			buildConfigurations = (
				1402131F25DFC24800803C47 /* Debug */,
				1402132025DFC24800803C47 /* Release */,
			);
			defaultConfigurationIsVisible = 0;
			defaultConfigurationName = Release;
		};
		1402132125DFC24800803C47 /* Build configuration list for PBXNativeTarget "CircleOfMoneyProgrammaticaly" */ = {
			isa = XCConfigurationList;
			buildConfigurations = (
				1402132225DFC24800803C47 /* Debug */,
				1402132325DFC24800803C47 /* Release */,
			);
			defaultConfigurationIsVisible = 0;
			defaultConfigurationName = Release;
		};
/* End XCConfigurationList section */

/* Begin XCRemoteSwiftPackageReference section */
		1458CCDD25DFC2AD0091C711 /* XCRemoteSwiftPackageReference "SnapKit" */ = {
			isa = XCRemoteSwiftPackageReference;
			repositoryURL = "https://github.com/SnapKit/SnapKit";
			requirement = {
				kind = upToNextMajorVersion;
				minimumVersion = 5.0.1;
			};
		};
/* End XCRemoteSwiftPackageReference section */

/* Begin XCSwiftPackageProductDependency section */
		1458CCDE25DFC2AD0091C711 /* SnapKit */ = {
			isa = XCSwiftPackageProductDependency;
			package = 1458CCDD25DFC2AD0091C711 /* XCRemoteSwiftPackageReference "SnapKit" */;
			productName = SnapKit;
		};
/* End XCSwiftPackageProductDependency section */
	};
	rootObject = 1402130525DFC24500803C47 /* Project object */;
}
